
Microsoft Visual Studio Solution File, Format Version 12.00
# Visual Studio 2012
Project("{8BC9CEB8-8B4A-11D0-8D11-00A0C91BC942}") = "LinearSearch", "LinearSearch\LinearSearch.vcxproj", "{A20C5258-905A-476D-807E-506ADDF87A22}"
EndProject
Global
	GlobalSection(SolutionConfigurationPlatforms) = preSolution
		Debug|Win32 = Debug|Win32
		Release|Win32 = Release|Win32
	EndGlobalSection
	GlobalSection(ProjectConfigurationPlatforms) = postSolution
		{A20C5258-905A-476D-807E-506ADDF87A22}.Debug|Win32.ActiveCfg = Debug|Win32
		{A20C5258-905A-476D-807E-506ADDF87A22}.Debug|Win32.Build.0 = Debug|Win32
		{A20C5258-905A-476D-807E-506ADDF87A22}.Release|Win32.ActiveCfg = Release|Win32
		{A20C5258-905A-476D-807E-506ADDF87A22}.Release|Win32.Build.0 = Release|Win32
	EndGlobalSection
	GlobalSection(SolutionProperties) = preSolution
		HideSolutionNode = FALSE
	EndGlobalSection
EndGlobal
