
Microsoft Visual Studio Solution File, Format Version 12.00
# Visual Studio 2012
Project("{8BC9CEB8-8B4A-11D0-8D11-00A0C91BC942}") = "Arrays", "Arrays\Arrays.vcxproj", "{3EB51199-0227-4A6C-962E-83C14AA2D59F}"
EndProject
Global
	GlobalSection(SolutionConfigurationPlatforms) = preSolution
		Debug|Win32 = Debug|Win32
		Release|Win32 = Release|Win32
	EndGlobalSection
	GlobalSection(ProjectConfigurationPlatforms) = postSolution
		{3EB51199-0227-4A6C-962E-83C14AA2D59F}.Debug|Win32.ActiveCfg = Debug|Win32
		{3EB51199-0227-4A6C-962E-83C14AA2D59F}.Debug|Win32.Build.0 = Debug|Win32
		{3EB51199-0227-4A6C-962E-83C14AA2D59F}.Release|Win32.ActiveCfg = Release|Win32
		{3EB51199-0227-4A6C-962E-83C14AA2D59F}.Release|Win32.Build.0 = Release|Win32
	EndGlobalSection
	GlobalSection(SolutionProperties) = preSolution
		HideSolutionNode = FALSE
	EndGlobalSection
EndGlobal
