
Microsoft Visual Studio Solution File, Format Version 12.00
# Visual Studio 2012
Project("{8BC9CEB8-8B4A-11D0-8D11-00A0C91BC942}") = "FileProcessing", "FileProcessing\FileProcessing.vcxproj", "{A73979D9-A516-4494-9E33-6D445CC7C164}"
EndProject
Global
	GlobalSection(SolutionConfigurationPlatforms) = preSolution
		Debug|Win32 = Debug|Win32
		Release|Win32 = Release|Win32
	EndGlobalSection
	GlobalSection(ProjectConfigurationPlatforms) = postSolution
		{A73979D9-A516-4494-9E33-6D445CC7C164}.Debug|Win32.ActiveCfg = Debug|Win32
		{A73979D9-A516-4494-9E33-6D445CC7C164}.Debug|Win32.Build.0 = Debug|Win32
		{A73979D9-A516-4494-9E33-6D445CC7C164}.Release|Win32.ActiveCfg = Release|Win32
		{A73979D9-A516-4494-9E33-6D445CC7C164}.Release|Win32.Build.0 = Release|Win32
	EndGlobalSection
	GlobalSection(SolutionProperties) = preSolution
		HideSolutionNode = FALSE
	EndGlobalSection
EndGlobal
